PODS:
  - dsBridge (3.0.6)
  - Masonry (1.1.0)
  - NETURLSchemeHandler (0.1.5)
  - SSZipArchive (2.4.2)
  - Whiteboard (2.15.26):
    - Whiteboard/Base (= 2.15.26)
    - Whiteboard/Converter (= 2.15.26)
    - Whiteboard/Model (= 2.15.26)
    - Whiteboard/NativeReplayer (= 2.15.26)
    - Whiteboard/Object (= 2.15.26)
    - Whiteboard/Replayer (= 2.15.26)
    - Whiteboard/Room (= 2.15.26)
  - Whiteboard/Base (2.15.26):
    - dsBridge (~> 3.0.2)
    - Whiteboard/Object
  - Whiteboard/Converter (2.15.26):
    - Whiteboard/Object
  - Whiteboard/Model (2.15.26):
    - YYModel (~> 1.0.4)
  - Whiteboard/NativeReplayer (2.15.26):
    - Whiteboard/Replayer
  - Whiteboard/Object (2.15.26):
    - Whiteboard/Model
  - Whiteboard/Replayer (2.15.26):
    - Whiteboard/Base
  - Whiteboard/Room (2.15.26):
    - Whiteboard/Base
  - YYModel (1.0.4)

DEPENDENCIES:
  - Masonry
  - NETURLSchemeHandler
  - SSZipArchive
  - Whiteboard (from `../`)

SPEC REPOS:
  trunk:
    - dsBridge
    - Masonry
    - NETURLSchemeHandler
    - SSZipArchive
    - YYModel

EXTERNAL SOURCES:
  Whiteboard:
    :path: "../"

SPEC CHECKSUMS:
  dsBridge: 48b62ee8a411ad601a88d6f6c8cf6cb634b206b7
  Masonry: 678fab65091a9290e40e2832a55e7ab731aad201
  NETURLSchemeHandler: 7e3b68bea1d06062f22adf8fbcb971149cbc1379
  SSZipArchive: e7b4f3d9e780c2acc1764cd88fbf2de28f26e5b2
  Whiteboard: 497ddf3b654deef75b12e25433c9105cb3fa8557
  YYModel: 2a7fdd96aaa4b86a824e26d0c517de8928c04b30

PODFILE CHECKSUM: dd24ba142384241dfb1c22db83eb54ad3a8c1ce9

COCOAPODS: 1.11.2
