PODS:
  - AgoraFPA_iOS (1.0.0)
  - dsBridge (3.0.6)
  - Masonry (1.1.0)
  - NETURLSchemeHandler (0.1.5)
  - SSZipArchive (2.4.3)
  - Whiteboard (2.16.4):
    - Whiteboard/Converter (= 2.16.4)
    - Whiteboard/NativeReplayer (= 2.16.4)
    - Whiteboard/Replayer (= 2.16.4)
    - Whiteboard/Room (= 2.16.4)
  - Whiteboard/Base (2.16.4):
    - dsBridge (~> 3.0.2)
    - Whiteboard/Object
  - Whiteboard/Converter (2.16.4):
    - Whiteboard/Object
  - Whiteboard/fpa (2.16.4):
    - AgoraFPA_iOS (~> 1.0.0)
    - Whiteboard/Room
  - Whiteboard/Model (2.16.4):
    - YYModel (~> 1.0.4)
  - Whiteboard/NativeReplayer (2.16.4):
    - Whiteboard/Replayer
  - Whiteboard/Object (2.16.4):
    - Whiteboard/Model
  - Whiteboard/Replayer (2.16.4):
    - Whiteboard/Base
  - Whiteboard/Room (2.16.4):
    - Whiteboard/Base
  - YYModel (1.0.4)

DEPENDENCIES:
  - Masonry
  - NETURLSchemeHandler
  - SSZipArchive
  - Whiteboard (from `../`)
  - Whiteboard/fpa (from `../`)

SPEC REPOS:
  trunk:
    - AgoraFPA_iOS
    - dsBridge
    - Masonry
    - NETURLSchemeHandler
    - SSZipArchive
    - YYModel

EXTERNAL SOURCES:
  Whiteboard:
    :path: "../"

SPEC CHECKSUMS:
  AgoraFPA_iOS: 2202f574e6832567e368d5e69ad6da121a18ee4a
  dsBridge: 48b62ee8a411ad601a88d6f6c8cf6cb634b206b7
  Masonry: 678fab65091a9290e40e2832a55e7ab731aad201
  NETURLSchemeHandler: 7e3b68bea1d06062f22adf8fbcb971149cbc1379
  SSZipArchive: fe6a26b2a54d5a0890f2567b5cc6de5caa600aef
  Whiteboard: 4171412993d6c8cef3fd66377654e9ff960e0388
  YYModel: 2a7fdd96aaa4b86a824e26d0c517de8928c04b30

PODFILE CHECKSUM: b96835d0ee379513a26ba5a5eb8d39d9180f273c

COCOAPODS: 1.11.2
