// !$*UTF8*$!
{
	archiveVersion = 1;
	classes = {
	};
	objectVersion = 46;
	objects = {

/* Begin PBXBuildFile section */
		398B6E9C23A7AA8A00950A57 /* CHANGELOG.md in Resources */ = {isa = PBXBuildFile; fileRef = 398B6E9B23A7AA8A00950A57 /* CHANGELOG.md */; };
		39A82CE8242700BB00FC1FD6 /* WhitePureReplayViewController.m in Sources */ = {isa = PBXBuildFile; fileRef = 39A82CE7242700BB00FC1FD6 /* WhitePureReplayViewController.m */; };
		39DFDFB826B23B3500A4DFE8 /* Localizable.strings in Resources */ = {isa = PBXBuildFile; fileRef = 39DFDFBA26B23B3500A4DFE8 /* Localizable.strings */; };
		39E4205023A37DCF002B9B38 /* WhiteBaseViewController.m in Sources */ = {isa = PBXBuildFile; fileRef = 39E4204523A37DCE002B9B38 /* WhiteBaseViewController.m */; };
		39E4205123A37DCF002B9B38 /* StartViewController.m in Sources */ = {isa = PBXBuildFile; fileRef = 39E4204623A37DCE002B9B38 /* StartViewController.m */; };
		39E4205223A37DCF002B9B38 /* WhitePlayerViewController.m in Sources */ = {isa = PBXBuildFile; fileRef = 39E4204A23A37DCF002B9B38 /* WhitePlayerViewController.m */; };
		39E4205323A37DCF002B9B38 /* PlayerCommandListController.m in Sources */ = {isa = PBXBuildFile; fileRef = 39E4204B23A37DCF002B9B38 /* PlayerCommandListController.m */; };
		39E4205423A37DCF002B9B38 /* WhiteRoomViewController.m in Sources */ = {isa = PBXBuildFile; fileRef = 39E4204D23A37DCF002B9B38 /* WhiteRoomViewController.m */; };
		39E4205523A37DCF002B9B38 /* WhiteUtils.m in Sources */ = {isa = PBXBuildFile; fileRef = 39E4204E23A37DCF002B9B38 /* WhiteUtils.m */; };
		39E4205A23A3B74F002B9B38 /* DisplayerTests.m in Sources */ = {isa = PBXBuildFile; fileRef = 39E4205923A3B74F002B9B38 /* DisplayerTests.m */; };
		39E4205C23A3B790002B9B38 /* PlayerTests.m in Sources */ = {isa = PBXBuildFile; fileRef = 39E4205B23A3B790002B9B38 /* PlayerTests.m */; };
		39E4205E23A3B81C002B9B38 /* RoomTests.m in Sources */ = {isa = PBXBuildFile; fileRef = 39E4205D23A3B81C002B9B38 /* RoomTests.m */; };
		39E4206023A3B861002B9B38 /* WhiteObjectTests.m in Sources */ = {isa = PBXBuildFile; fileRef = 39E4205F23A3B861002B9B38 /* WhiteObjectTests.m */; };
		432AAA5163AA3AC51477F852 /* libPods-Whiteboard_Tests.a in Frameworks */ = {isa = PBXBuildFile; fileRef = AA32734B84DB53CD19446306 /* libPods-Whiteboard_Tests.a */; };
		6003F58E195388D20070C39A /* Foundation.framework in Frameworks */ = {isa = PBXBuildFile; fileRef = 6003F58D195388D20070C39A /* Foundation.framework */; };
		6003F590195388D20070C39A /* CoreGraphics.framework in Frameworks */ = {isa = PBXBuildFile; fileRef = 6003F58F195388D20070C39A /* CoreGraphics.framework */; };
		6003F592195388D20070C39A /* UIKit.framework in Frameworks */ = {isa = PBXBuildFile; fileRef = 6003F591195388D20070C39A /* UIKit.framework */; };
		6003F598195388D20070C39A /* InfoPlist.strings in Resources */ = {isa = PBXBuildFile; fileRef = 6003F596195388D20070C39A /* InfoPlist.strings */; };
		6003F59A195388D20070C39A /* main.m in Sources */ = {isa = PBXBuildFile; fileRef = 6003F599195388D20070C39A /* main.m */; };
		6003F59E195388D20070C39A /* NETAppDelegate.m in Sources */ = {isa = PBXBuildFile; fileRef = 6003F59D195388D20070C39A /* NETAppDelegate.m */; };
		6003F5A9195388D20070C39A /* Images.xcassets in Resources */ = {isa = PBXBuildFile; fileRef = 6003F5A8195388D20070C39A /* Images.xcassets */; };
		6003F5B0195388D20070C39A /* XCTest.framework in Frameworks */ = {isa = PBXBuildFile; fileRef = 6003F5AF195388D20070C39A /* XCTest.framework */; };
		6003F5B1195388D20070C39A /* Foundation.framework in Frameworks */ = {isa = PBXBuildFile; fileRef = 6003F58D195388D20070C39A /* Foundation.framework */; };
		6003F5B2195388D20070C39A /* UIKit.framework in Frameworks */ = {isa = PBXBuildFile; fileRef = 6003F591195388D20070C39A /* UIKit.framework */; };
		6003F5BA195388D20070C39A /* InfoPlist.strings in Resources */ = {isa = PBXBuildFile; fileRef = 6003F5B8195388D20070C39A /* InfoPlist.strings */; };
		71719F9F1E33DC2100824A3D /* LaunchScreen.storyboard in Resources */ = {isa = PBXBuildFile; fileRef = 71719F9D1E33DC2100824A3D /* LaunchScreen.storyboard */; };
		873B8AEB1B1F5CCA007FD442 /* Main.storyboard in Resources */ = {isa = PBXBuildFile; fileRef = 873B8AEA1B1F5CCA007FD442 /* Main.storyboard */; };
		8A05A21E27D5FE1B00B3F329 /* WhiteTestSocket.m in Sources */ = {isa = PBXBuildFile; fileRef = 8A05A21D27D5FE1B00B3F329 /* WhiteTestSocket.m */; };
		8A0A85D727EAF82F005CFC84 /* monaco.iife.js in Resources */ = {isa = PBXBuildFile; fileRef = 8A0A85D627EAF82E005CFC84 /* monaco.iife.js */; };
		8A10E27E27F42F6E0098C49F /* TestUtility.m in Sources */ = {isa = PBXBuildFile; fileRef = 8A10E27D27F42F6E0098C49F /* TestUtility.m */; };
		8A17AE7C27E9B4E300EB8897 /* WhiteCustomAppViewController.m in Sources */ = {isa = PBXBuildFile; fileRef = 8A17AE7B27E9B4E300EB8897 /* WhiteCustomAppViewController.m */; };
		8A17AE7E27E9B83800EB8897 /* embedPage.iife.js in Resources */ = {isa = PBXBuildFile; fileRef = 8A17AE7D27E9B83800EB8897 /* embedPage.iife.js */; };
		8A18D2A427EDA89500EC29B1 /* MultiViewsRoomTest.m in Sources */ = {isa = PBXBuildFile; fileRef = 8A18D2A327EDA89500EC29B1 /* MultiViewsRoomTest.m */; };
		8A18D2A627F154DB00EC29B1 /* CustomAppTest.m in Sources */ = {isa = PBXBuildFile; fileRef = 8A18D2A527F154DB00EC29B1 /* CustomAppTest.m */; };
		8A18D2A727F1554800EC29B1 /* monaco.iife.js in Resources */ = {isa = PBXBuildFile; fileRef = 8A0A85D627EAF82E005CFC84 /* monaco.iife.js */; };
		8A18D2A827F1554A00EC29B1 /* embedPage.iife.js in Resources */ = {isa = PBXBuildFile; fileRef = 8A17AE7D27E9B83800EB8897 /* embedPage.iife.js */; };
		8A2212A727F4509900AA372D /* FpaTest.m in Sources */ = {isa = PBXBuildFile; fileRef = 8AF2E05527D1BBBC00E0CB1D /* FpaTest.m */; };
		8A3CC7312824FADA002DCE39 /* CombinePlayerOnlyVideoTest.m in Sources */ = {isa = PBXBuildFile; fileRef = 8A3CC7302824FADA002DCE39 /* CombinePlayerOnlyVideoTest.m */; };
		8A3CC734282621C3002DCE39 /* CombinePlayerOnlyWhiteTest.m in Sources */ = {isa = PBXBuildFile; fileRef = 8A3CC733282621C3002DCE39 /* CombinePlayerOnlyWhiteTest.m */; };
		8A48FAE327E33A9E00D6F98B /* WritableDetectTest.m in Sources */ = {isa = PBXBuildFile; fileRef = 8A48FAE227E33A9E00D6F98B /* WritableDetectTest.m */; };
		8A86A4E82806A0070095F499 /* ControlCell.xib in Resources */ = {isa = PBXBuildFile; fileRef = 8A86A4E52806A0070095F499 /* ControlCell.xib */; };
		8A86A4E92806A0070095F499 /* ExampleControlView.swift in Sources */ = {isa = PBXBuildFile; fileRef = 8A86A4E62806A0070095F499 /* ExampleControlView.swift */; };
		8A86A4EA2806A0070095F499 /* ControlCell.swift in Sources */ = {isa = PBXBuildFile; fileRef = 8A86A4E72806A0070095F499 /* ControlCell.swift */; };
		8A86A4ED2806A5FE0095F499 /* CommandHandler.m in Sources */ = {isa = PBXBuildFile; fileRef = 8A86A4EC2806A5FE0095F499 /* CommandHandler.m */; };
		8AB02BCF27C5CE7E00792EF6 /* ConverterV5Test.m in Sources */ = {isa = PBXBuildFile; fileRef = 8AB02BCE27C5CE7E00792EF6 /* ConverterV5Test.m */; };
		8AC2F0E327F43F0900A980D9 /* BaseRoomTest.m in Sources */ = {isa = PBXBuildFile; fileRef = 8AC2F0E227F43F0900A980D9 /* BaseRoomTest.m */; };
		8AF1F04428153AFB00AA7535 /* SDKTest.m in Sources */ = {isa = PBXBuildFile; fileRef = 8AF1F04328153AFB00AA7535 /* SDKTest.m */; };
		E5BC674B5D0955C29DD16C67 /* libPods-Whiteboard_Example.a in Frameworks */ = {isa = PBXBuildFile; fileRef = 11245956B412E193A973B1F2 /* libPods-Whiteboard_Example.a */; };
/* End PBXBuildFile section */

/* Begin PBXContainerItemProxy section */
		6003F5B3195388D20070C39A /* PBXContainerItemProxy */ = {
			isa = PBXContainerItemProxy;
			containerPortal = 6003F582195388D10070C39A /* Project object */;
			proxyType = 1;
			remoteGlobalIDString = 6003F589195388D20070C39A;
			remoteInfo = Whiteboard;
		};
/* End PBXContainerItemProxy section */

/* Begin PBXFileReference section */
		0253522B7137279AE1FE150B /* README.md */ = {isa = PBXFileReference; includeInIndex = 1; lastKnownFileType = net.daringfireball.markdown; name = README.md; path = ../README.md; sourceTree = "<group>"; };
		11245956B412E193A973B1F2 /* libPods-Whiteboard_Example.a */ = {isa = PBXFileReference; explicitFileType = archive.ar; includeInIndex = 0; path = "libPods-Whiteboard_Example.a"; sourceTree = BUILT_PRODUCTS_DIR; };
		2EF0269B81A485649497C862 /* Whiteboard.podspec */ = {isa = PBXFileReference; includeInIndex = 1; lastKnownFileType = text; name = Whiteboard.podspec; path = ../Whiteboard.podspec; sourceTree = "<group>"; xcLanguageSpecificationIdentifier = xcode.lang.ruby; };
		3907B0F4268F598400A70158 /* README-zh.md */ = {isa = PBXFileReference; lastKnownFileType = net.daringfireball.markdown; name = "README-zh.md"; path = "../README-zh.md"; sourceTree = "<group>"; };
		398B6E9B23A7AA8A00950A57 /* CHANGELOG.md */ = {isa = PBXFileReference; fileEncoding = 4; lastKnownFileType = net.daringfireball.markdown; name = CHANGELOG.md; path = ../CHANGELOG.md; sourceTree = "<group>"; };
		39A82CE6242700BB00FC1FD6 /* WhitePureReplayViewController.h */ = {isa = PBXFileReference; lastKnownFileType = sourcecode.c.h; path = WhitePureReplayViewController.h; sourceTree = "<group>"; };
		39A82CE7242700BB00FC1FD6 /* WhitePureReplayViewController.m */ = {isa = PBXFileReference; lastKnownFileType = sourcecode.c.objc; path = WhitePureReplayViewController.m; sourceTree = "<group>"; };
		39DFDFB926B23B3500A4DFE8 /* en */ = {isa = PBXFileReference; lastKnownFileType = text.plist.strings; name = en; path = en.lproj/Localizable.strings; sourceTree = "<group>"; };
		39E4204223A37DCE002B9B38 /* WhiteRoomViewController.h */ = {isa = PBXFileReference; fileEncoding = 4; lastKnownFileType = sourcecode.c.h; path = WhiteRoomViewController.h; sourceTree = "<group>"; };
		39E4204323A37DCE002B9B38 /* PlayerCommandListController.h */ = {isa = PBXFileReference; fileEncoding = 4; lastKnownFileType = sourcecode.c.h; path = PlayerCommandListController.h; sourceTree = "<group>"; };
		39E4204423A37DCE002B9B38 /* WhiteBaseViewController.h */ = {isa = PBXFileReference; fileEncoding = 4; lastKnownFileType = sourcecode.c.h; path = WhiteBaseViewController.h; sourceTree = "<group>"; };
		39E4204523A37DCE002B9B38 /* WhiteBaseViewController.m */ = {isa = PBXFileReference; fileEncoding = 4; lastKnownFileType = sourcecode.c.objc; path = WhiteBaseViewController.m; sourceTree = "<group>"; };
		39E4204623A37DCE002B9B38 /* StartViewController.m */ = {isa = PBXFileReference; fileEncoding = 4; lastKnownFileType = sourcecode.c.objc; path = StartViewController.m; sourceTree = "<group>"; };
		39E4204723A37DCE002B9B38 /* WhiteUtils.h */ = {isa = PBXFileReference; fileEncoding = 4; lastKnownFileType = sourcecode.c.h; path = WhiteUtils.h; sourceTree = "<group>"; };
		39E4204823A37DCF002B9B38 /* StartViewController.h */ = {isa = PBXFileReference; fileEncoding = 4; lastKnownFileType = sourcecode.c.h; path = StartViewController.h; sourceTree = "<group>"; };
		39E4204923A37DCF002B9B38 /* WhitePlayerViewController.h */ = {isa = PBXFileReference; fileEncoding = 4; lastKnownFileType = sourcecode.c.h; path = WhitePlayerViewController.h; sourceTree = "<group>"; };
		39E4204A23A37DCF002B9B38 /* WhitePlayerViewController.m */ = {isa = PBXFileReference; fileEncoding = 4; lastKnownFileType = sourcecode.c.objc; path = WhitePlayerViewController.m; sourceTree = "<group>"; };
		39E4204B23A37DCF002B9B38 /* PlayerCommandListController.m */ = {isa = PBXFileReference; fileEncoding = 4; lastKnownFileType = sourcecode.c.objc; path = PlayerCommandListController.m; sourceTree = "<group>"; };
		39E4204D23A37DCF002B9B38 /* WhiteRoomViewController.m */ = {isa = PBXFileReference; fileEncoding = 4; lastKnownFileType = sourcecode.c.objc; path = WhiteRoomViewController.m; sourceTree = "<group>"; };
		39E4204E23A37DCF002B9B38 /* WhiteUtils.m */ = {isa = PBXFileReference; fileEncoding = 4; lastKnownFileType = sourcecode.c.objc; path = WhiteUtils.m; sourceTree = "<group>"; };
		39E4205923A3B74F002B9B38 /* DisplayerTests.m */ = {isa = PBXFileReference; lastKnownFileType = sourcecode.c.objc; path = DisplayerTests.m; sourceTree = "<group>"; };
		39E4205B23A3B790002B9B38 /* PlayerTests.m */ = {isa = PBXFileReference; lastKnownFileType = sourcecode.c.objc; path = PlayerTests.m; sourceTree = "<group>"; };
		39E4205D23A3B81C002B9B38 /* RoomTests.m */ = {isa = PBXFileReference; lastKnownFileType = sourcecode.c.objc; path = RoomTests.m; sourceTree = "<group>"; };
		39E4205F23A3B861002B9B38 /* WhiteObjectTests.m */ = {isa = PBXFileReference; lastKnownFileType = sourcecode.c.objc; path = WhiteObjectTests.m; sourceTree = "<group>"; };
		4AFA52A18BA89BE2555F51D1 /* Pods-Whiteboard_Example.debug.xcconfig */ = {isa = PBXFileReference; includeInIndex = 1; lastKnownFileType = text.xcconfig; name = "Pods-Whiteboard_Example.debug.xcconfig"; path = "Target Support Files/Pods-Whiteboard_Example/Pods-Whiteboard_Example.debug.xcconfig"; sourceTree = "<group>"; };
		4CB02330C08AD98B832844A9 /* Pods-Whiteboard_Tests.release.xcconfig */ = {isa = PBXFileReference; includeInIndex = 1; lastKnownFileType = text.xcconfig; name = "Pods-Whiteboard_Tests.release.xcconfig"; path = "Target Support Files/Pods-Whiteboard_Tests/Pods-Whiteboard_Tests.release.xcconfig"; sourceTree = "<group>"; };
		6003F58A195388D20070C39A /* Whiteboard_Example.app */ = {isa = PBXFileReference; explicitFileType = wrapper.application; includeInIndex = 0; path = Whiteboard_Example.app; sourceTree = BUILT_PRODUCTS_DIR; };
		6003F58D195388D20070C39A /* Foundation.framework */ = {isa = PBXFileReference; lastKnownFileType = wrapper.framework; name = Foundation.framework; path = System/Library/Frameworks/Foundation.framework; sourceTree = SDKROOT; };
		6003F58F195388D20070C39A /* CoreGraphics.framework */ = {isa = PBXFileReference; lastKnownFileType = wrapper.framework; name = CoreGraphics.framework; path = System/Library/Frameworks/CoreGraphics.framework; sourceTree = SDKROOT; };
		6003F591195388D20070C39A /* UIKit.framework */ = {isa = PBXFileReference; lastKnownFileType = wrapper.framework; name = UIKit.framework; path = System/Library/Frameworks/UIKit.framework; sourceTree = SDKROOT; };
		6003F595195388D20070C39A /* Whiteboard-Info.plist */ = {isa = PBXFileReference; lastKnownFileType = text.plist.xml; path = "Whiteboard-Info.plist"; sourceTree = "<group>"; };
		6003F597195388D20070C39A /* en */ = {isa = PBXFileReference; lastKnownFileType = text.plist.strings; name = en; path = en.lproj/InfoPlist.strings; sourceTree = "<group>"; };
		6003F599195388D20070C39A /* main.m */ = {isa = PBXFileReference; lastKnownFileType = sourcecode.c.objc; path = main.m; sourceTree = "<group>"; };
		6003F59B195388D20070C39A /* Whiteboard-Prefix.pch */ = {isa = PBXFileReference; lastKnownFileType = sourcecode.c.h; path = "Whiteboard-Prefix.pch"; sourceTree = "<group>"; };
		6003F59C195388D20070C39A /* NETAppDelegate.h */ = {isa = PBXFileReference; lastKnownFileType = sourcecode.c.h; path = NETAppDelegate.h; sourceTree = "<group>"; };
		6003F59D195388D20070C39A /* NETAppDelegate.m */ = {isa = PBXFileReference; lastKnownFileType = sourcecode.c.objc; path = NETAppDelegate.m; sourceTree = "<group>"; };
		6003F5A8195388D20070C39A /* Images.xcassets */ = {isa = PBXFileReference; lastKnownFileType = folder.assetcatalog; path = Images.xcassets; sourceTree = "<group>"; };
		6003F5AE195388D20070C39A /* Whiteboard_Tests.xctest */ = {isa = PBXFileReference; explicitFileType = wrapper.cfbundle; includeInIndex = 0; path = Whiteboard_Tests.xctest; sourceTree = BUILT_PRODUCTS_DIR; };
		6003F5AF195388D20070C39A /* XCTest.framework */ = {isa = PBXFileReference; lastKnownFileType = wrapper.framework; name = XCTest.framework; path = Library/Frameworks/XCTest.framework; sourceTree = DEVELOPER_DIR; };
		6003F5B7195388D20070C39A /* Tests-Info.plist */ = {isa = PBXFileReference; lastKnownFileType = text.plist.xml; path = "Tests-Info.plist"; sourceTree = "<group>"; };
		6003F5B9195388D20070C39A /* en */ = {isa = PBXFileReference; lastKnownFileType = text.plist.strings; name = en; path = en.lproj/InfoPlist.strings; sourceTree = "<group>"; };
		606FC2411953D9B200FFA9A0 /* Tests-Prefix.pch */ = {isa = PBXFileReference; lastKnownFileType = sourcecode.c.h; path = "Tests-Prefix.pch"; sourceTree = "<group>"; };
		71719F9E1E33DC2100824A3D /* Base */ = {isa = PBXFileReference; lastKnownFileType = file.storyboard; name = Base; path = Base.lproj/LaunchScreen.storyboard; sourceTree = "<group>"; };
		71FA1F4860720C219B686ED8 /* LICENSE */ = {isa = PBXFileReference; includeInIndex = 1; lastKnownFileType = text; name = LICENSE; path = ../LICENSE; sourceTree = "<group>"; };
		789AF49F9FB06918748A94DC /* Pods-Whiteboard_Tests.debug.xcconfig */ = {isa = PBXFileReference; includeInIndex = 1; lastKnownFileType = text.xcconfig; name = "Pods-Whiteboard_Tests.debug.xcconfig"; path = "Target Support Files/Pods-Whiteboard_Tests/Pods-Whiteboard_Tests.debug.xcconfig"; sourceTree = "<group>"; };
		8470081D613A7C8DF8376FBA /* Pods-Whiteboard_Example.release.xcconfig */ = {isa = PBXFileReference; includeInIndex = 1; lastKnownFileType = text.xcconfig; name = "Pods-Whiteboard_Example.release.xcconfig"; path = "Target Support Files/Pods-Whiteboard_Example/Pods-Whiteboard_Example.release.xcconfig"; sourceTree = "<group>"; };
		873B8AEA1B1F5CCA007FD442 /* Main.storyboard */ = {isa = PBXFileReference; fileEncoding = 4; lastKnownFileType = file.storyboard; name = Main.storyboard; path = Base.lproj/Main.storyboard; sourceTree = "<group>"; };
		8A05A21C27D5FE1B00B3F329 /* WhiteTestSocket.h */ = {isa = PBXFileReference; lastKnownFileType = sourcecode.c.h; path = WhiteTestSocket.h; sourceTree = "<group>"; };
		8A05A21D27D5FE1B00B3F329 /* WhiteTestSocket.m */ = {isa = PBXFileReference; lastKnownFileType = sourcecode.c.objc; path = WhiteTestSocket.m; sourceTree = "<group>"; };
		8A0A85D627EAF82E005CFC84 /* monaco.iife.js */ = {isa = PBXFileReference; fileEncoding = 4; lastKnownFileType = sourcecode.javascript; path = monaco.iife.js; sourceTree = "<group>"; };
		8A10E27C27F42F6E0098C49F /* TestUtility.h */ = {isa = PBXFileReference; lastKnownFileType = sourcecode.c.h; path = TestUtility.h; sourceTree = "<group>"; };
		8A10E27D27F42F6E0098C49F /* TestUtility.m */ = {isa = PBXFileReference; lastKnownFileType = sourcecode.c.objc; path = TestUtility.m; sourceTree = "<group>"; };
		8A17AE7A27E9B4E300EB8897 /* WhiteCustomAppViewController.h */ = {isa = PBXFileReference; lastKnownFileType = sourcecode.c.h; path = WhiteCustomAppViewController.h; sourceTree = "<group>"; };
		8A17AE7B27E9B4E300EB8897 /* WhiteCustomAppViewController.m */ = {isa = PBXFileReference; lastKnownFileType = sourcecode.c.objc; path = WhiteCustomAppViewController.m; sourceTree = "<group>"; };
		8A17AE7D27E9B83800EB8897 /* embedPage.iife.js */ = {isa = PBXFileReference; fileEncoding = 4; lastKnownFileType = sourcecode.javascript; path = embedPage.iife.js; sourceTree = "<group>"; };
		8A18D2A327EDA89500EC29B1 /* MultiViewsRoomTest.m */ = {isa = PBXFileReference; lastKnownFileType = sourcecode.c.objc; path = MultiViewsRoomTest.m; sourceTree = "<group>"; };
		8A18D2A527F154DB00EC29B1 /* CustomAppTest.m */ = {isa = PBXFileReference; lastKnownFileType = sourcecode.c.objc; path = CustomAppTest.m; sourceTree = "<group>"; };
		8A3CC7302824FADA002DCE39 /* CombinePlayerOnlyVideoTest.m */ = {isa = PBXFileReference; lastKnownFileType = sourcecode.c.objc; path = CombinePlayerOnlyVideoTest.m; sourceTree = "<group>"; };
		8A3CC733282621C3002DCE39 /* CombinePlayerOnlyWhiteTest.m */ = {isa = PBXFileReference; lastKnownFileType = sourcecode.c.objc; path = CombinePlayerOnlyWhiteTest.m; sourceTree = "<group>"; };
		8A48FAE227E33A9E00D6F98B /* WritableDetectTest.m */ = {isa = PBXFileReference; lastKnownFileType = sourcecode.c.objc; path = WritableDetectTest.m; sourceTree = "<group>"; };
		8A86A4E52806A0070095F499 /* ControlCell.xib */ = {isa = PBXFileReference; fileEncoding = 4; lastKnownFileType = file.xib; path = ControlCell.xib; sourceTree = "<group>"; };
		8A86A4E62806A0070095F499 /* ExampleControlView.swift */ = {isa = PBXFileReference; fileEncoding = 4; lastKnownFileType = sourcecode.swift; path = ExampleControlView.swift; sourceTree = "<group>"; };
		8A86A4E72806A0070095F499 /* ControlCell.swift */ = {isa = PBXFileReference; fileEncoding = 4; lastKnownFileType = sourcecode.swift; path = ControlCell.swift; sourceTree = "<group>"; };
		8A86A4EB2806A5FE0095F499 /* CommandHandler.h */ = {isa = PBXFileReference; lastKnownFileType = sourcecode.c.h; path = CommandHandler.h; sourceTree = "<group>"; };
		8A86A4EC2806A5FE0095F499 /* CommandHandler.m */ = {isa = PBXFileReference; lastKnownFileType = sourcecode.c.objc; path = CommandHandler.m; sourceTree = "<group>"; };
		8AB02BCE27C5CE7E00792EF6 /* ConverterV5Test.m */ = {isa = PBXFileReference; lastKnownFileType = sourcecode.c.objc; path = ConverterV5Test.m; sourceTree = "<group>"; };
		8AC2F0E127F43F0900A980D9 /* BaseRoomTest.h */ = {isa = PBXFileReference; lastKnownFileType = sourcecode.c.h; path = BaseRoomTest.h; sourceTree = "<group>"; };
		8AC2F0E227F43F0900A980D9 /* BaseRoomTest.m */ = {isa = PBXFileReference; lastKnownFileType = sourcecode.c.objc; path = BaseRoomTest.m; sourceTree = "<group>"; };
		8AF1F04328153AFB00AA7535 /* SDKTest.m */ = {isa = PBXFileReference; lastKnownFileType = sourcecode.c.objc; path = SDKTest.m; sourceTree = "<group>"; };
		8AF2E05527D1BBBC00E0CB1D /* FpaTest.m */ = {isa = PBXFileReference; lastKnownFileType = sourcecode.c.objc; path = FpaTest.m; sourceTree = "<group>"; };
		AA32734B84DB53CD19446306 /* libPods-Whiteboard_Tests.a */ = {isa = PBXFileReference; explicitFileType = archive.ar; includeInIndex = 0; path = "libPods-Whiteboard_Tests.a"; sourceTree = BUILT_PRODUCTS_DIR; };
/* End PBXFileReference section */

/* Begin PBXFrameworksBuildPhase section */
		6003F587195388D20070C39A /* Frameworks */ = {
			isa = PBXFrameworksBuildPhase;
			buildActionMask = 2147483647;
			files = (
				6003F590195388D20070C39A /* CoreGraphics.framework in Frameworks */,
				6003F592195388D20070C39A /* UIKit.framework in Frameworks */,
				6003F58E195388D20070C39A /* Foundation.framework in Frameworks */,
				E5BC674B5D0955C29DD16C67 /* libPods-Whiteboard_Example.a in Frameworks */,
			);
			runOnlyForDeploymentPostprocessing = 0;
		};
		6003F5AB195388D20070C39A /* Frameworks */ = {
			isa = PBXFrameworksBuildPhase;
			buildActionMask = 2147483647;
			files = (
				6003F5B0195388D20070C39A /* XCTest.framework in Frameworks */,
				6003F5B2195388D20070C39A /* UIKit.framework in Frameworks */,
				6003F5B1195388D20070C39A /* Foundation.framework in Frameworks */,
				432AAA5163AA3AC51477F852 /* libPods-Whiteboard_Tests.a in Frameworks */,
			);
			runOnlyForDeploymentPostprocessing = 0;
		};
/* End PBXFrameworksBuildPhase section */

/* Begin PBXGroup section */
		6003F581195388D10070C39A = {
			isa = PBXGroup;
			children = (
				60FF7A9C1954A5C5007DD14C /* Podspec Metadata */,
				6003F593195388D20070C39A /* Example for Whiteboard */,
				6003F5B5195388D20070C39A /* Tests */,
				6003F58C195388D20070C39A /* Frameworks */,
				6003F58B195388D20070C39A /* Products */,
				C711BD6041FEFC617B83305F /* Pods */,
			);
			sourceTree = "<group>";
		};
		6003F58B195388D20070C39A /* Products */ = {
			isa = PBXGroup;
			children = (
				6003F58A195388D20070C39A /* Whiteboard_Example.app */,
				6003F5AE195388D20070C39A /* Whiteboard_Tests.xctest */,
			);
			name = Products;
			sourceTree = "<group>";
		};
		6003F58C195388D20070C39A /* Frameworks */ = {
			isa = PBXGroup;
			children = (
				6003F58D195388D20070C39A /* Foundation.framework */,
				6003F58F195388D20070C39A /* CoreGraphics.framework */,
				6003F591195388D20070C39A /* UIKit.framework */,
				6003F5AF195388D20070C39A /* XCTest.framework */,
				11245956B412E193A973B1F2 /* libPods-Whiteboard_Example.a */,
				AA32734B84DB53CD19446306 /* libPods-Whiteboard_Tests.a */,
			);
			name = Frameworks;
			sourceTree = "<group>";
		};
		6003F593195388D20070C39A /* Example for Whiteboard */ = {
			isa = PBXGroup;
			children = (
				8A86A4E428069FF00095F499 /* Control */,
				6003F59C195388D20070C39A /* NETAppDelegate.h */,
				6003F59D195388D20070C39A /* NETAppDelegate.m */,
				39E4204823A37DCF002B9B38 /* StartViewController.h */,
				39E4204623A37DCE002B9B38 /* StartViewController.m */,
				39E4204423A37DCE002B9B38 /* WhiteBaseViewController.h */,
				39E4204523A37DCE002B9B38 /* WhiteBaseViewController.m */,
				39E4204923A37DCF002B9B38 /* WhitePlayerViewController.h */,
				39E4204A23A37DCF002B9B38 /* WhitePlayerViewController.m */,
				39A82CE6242700BB00FC1FD6 /* WhitePureReplayViewController.h */,
				39A82CE7242700BB00FC1FD6 /* WhitePureReplayViewController.m */,
				39E4204223A37DCE002B9B38 /* WhiteRoomViewController.h */,
				39E4204D23A37DCF002B9B38 /* WhiteRoomViewController.m */,
				39E4204323A37DCE002B9B38 /* PlayerCommandListController.h */,
				39E4204B23A37DCF002B9B38 /* PlayerCommandListController.m */,
				8A17AE7A27E9B4E300EB8897 /* WhiteCustomAppViewController.h */,
				8A17AE7B27E9B4E300EB8897 /* WhiteCustomAppViewController.m */,
				39E4204723A37DCE002B9B38 /* WhiteUtils.h */,
				39E4204E23A37DCF002B9B38 /* WhiteUtils.m */,
				873B8AEA1B1F5CCA007FD442 /* Main.storyboard */,
				71719F9D1E33DC2100824A3D /* LaunchScreen.storyboard */,
				6003F5A8195388D20070C39A /* Images.xcassets */,
				6003F594195388D20070C39A /* Supporting Files */,
			);
			name = "Example for Whiteboard";
			path = Whiteboard;
			sourceTree = "<group>";
		};
		6003F594195388D20070C39A /* Supporting Files */ = {
			isa = PBXGroup;
			children = (
				8A0A85D627EAF82E005CFC84 /* monaco.iife.js */,
				8A17AE7D27E9B83800EB8897 /* embedPage.iife.js */,
				6003F595195388D20070C39A /* Whiteboard-Info.plist */,
				6003F596195388D20070C39A /* InfoPlist.strings */,
				39DFDFBA26B23B3500A4DFE8 /* Localizable.strings */,
				6003F599195388D20070C39A /* main.m */,
				6003F59B195388D20070C39A /* Whiteboard-Prefix.pch */,
			);
			name = "Supporting Files";
			sourceTree = "<group>";
		};
		6003F5B5195388D20070C39A /* Tests */ = {
			isa = PBXGroup;
			children = (
				8A3CC732282621B3002DCE39 /* CombinePlayer */,
				8AC2F0E427F43FEA00A980D9 /* Base */,
				8A18D2A527F154DB00EC29B1 /* CustomAppTest.m */,
				8AF1F04328153AFB00AA7535 /* SDKTest.m */,
				39E4205923A3B74F002B9B38 /* DisplayerTests.m */,
				39E4205B23A3B790002B9B38 /* PlayerTests.m */,
				39E4205D23A3B81C002B9B38 /* RoomTests.m */,
				8A18D2A327EDA89500EC29B1 /* MultiViewsRoomTest.m */,
				8AB02BCE27C5CE7E00792EF6 /* ConverterV5Test.m */,
				8A05A21C27D5FE1B00B3F329 /* WhiteTestSocket.h */,
				8A05A21D27D5FE1B00B3F329 /* WhiteTestSocket.m */,
				39E4205F23A3B861002B9B38 /* WhiteObjectTests.m */,
				8AF2E05527D1BBBC00E0CB1D /* FpaTest.m */,
				8A48FAE227E33A9E00D6F98B /* WritableDetectTest.m */,
				6003F5B6195388D20070C39A /* Supporting Files */,
			);
			path = Tests;
			sourceTree = "<group>";
		};
		6003F5B6195388D20070C39A /* Supporting Files */ = {
			isa = PBXGroup;
			children = (
				6003F5B7195388D20070C39A /* Tests-Info.plist */,
				6003F5B8195388D20070C39A /* InfoPlist.strings */,
				606FC2411953D9B200FFA9A0 /* Tests-Prefix.pch */,
			);
			name = "Supporting Files";
			sourceTree = "<group>";
		};
		60FF7A9C1954A5C5007DD14C /* Podspec Metadata */ = {
			isa = PBXGroup;
			children = (
				2EF0269B81A485649497C862 /* Whiteboard.podspec */,
				398B6E9B23A7AA8A00950A57 /* CHANGELOG.md */,
				3907B0F4268F598400A70158 /* README-zh.md */,
				0253522B7137279AE1FE150B /* README.md */,
				71FA1F4860720C219B686ED8 /* LICENSE */,
			);
			name = "Podspec Metadata";
			sourceTree = "<group>";
		};
		8A3CC732282621B3002DCE39 /* CombinePlayer */ = {
			isa = PBXGroup;
			children = (
				8A3CC733282621C3002DCE39 /* CombinePlayerOnlyWhiteTest.m */,
				8A3CC7302824FADA002DCE39 /* CombinePlayerOnlyVideoTest.m */,
			);
			name = CombinePlayer;
			sourceTree = "<group>";
		};
		8A86A4E428069FF00095F499 /* Control */ = {
			isa = PBXGroup;
			children = (
				8A86A4EB2806A5FE0095F499 /* CommandHandler.h */,
				8A86A4EC2806A5FE0095F499 /* CommandHandler.m */,
				8A86A4E72806A0070095F499 /* ControlCell.swift */,
				8A86A4E52806A0070095F499 /* ControlCell.xib */,
				8A86A4E62806A0070095F499 /* ExampleControlView.swift */,
			);
			name = Control;
			sourceTree = "<group>";
		};
		8AC2F0E427F43FEA00A980D9 /* Base */ = {
			isa = PBXGroup;
			children = (
				8A10E27C27F42F6E0098C49F /* TestUtility.h */,
				8A10E27D27F42F6E0098C49F /* TestUtility.m */,
				8AC2F0E127F43F0900A980D9 /* BaseRoomTest.h */,
				8AC2F0E227F43F0900A980D9 /* BaseRoomTest.m */,
			);
			name = Base;
			sourceTree = "<group>";
		};
		C711BD6041FEFC617B83305F /* Pods */ = {
			isa = PBXGroup;
			children = (
				4AFA52A18BA89BE2555F51D1 /* Pods-Whiteboard_Example.debug.xcconfig */,
				8470081D613A7C8DF8376FBA /* Pods-Whiteboard_Example.release.xcconfig */,
				789AF49F9FB06918748A94DC /* Pods-Whiteboard_Tests.debug.xcconfig */,
				4CB02330C08AD98B832844A9 /* Pods-Whiteboard_Tests.release.xcconfig */,
			);
			path = Pods;
			sourceTree = "<group>";
		};
/* End PBXGroup section */

/* Begin PBXNativeTarget section */
		6003F589195388D20070C39A /* Whiteboard_Example */ = {
			isa = PBXNativeTarget;
			buildConfigurationList = 6003F5BF195388D20070C39A /* Build configuration list for PBXNativeTarget "Whiteboard_Example" */;
			buildPhases = (
				6961D961CB4C3851A2CEE5A4 /* [CP] Check Pods Manifest.lock */,
				6003F586195388D20070C39A /* Sources */,
				6003F587195388D20070C39A /* Frameworks */,
				6003F588195388D20070C39A /* Resources */,
				028AE4694DCA4E845AF51C55 /* [CP] Copy Pods Resources */,
				808AF72B7CC2538283A46D02 /* [CP] Embed Pods Frameworks */,
			);
			buildRules = (
			);
			dependencies = (
			);
			name = Whiteboard_Example;
			productName = Whiteboard;
			productReference = 6003F58A195388D20070C39A /* Whiteboard_Example.app */;
			productType = "com.apple.product-type.application";
		};
		6003F5AD195388D20070C39A /* Whiteboard_Tests */ = {
			isa = PBXNativeTarget;
			buildConfigurationList = 6003F5C2195388D20070C39A /* Build configuration list for PBXNativeTarget "Whiteboard_Tests" */;
			buildPhases = (
				1D7828B1A8443D9B3EA5DC28 /* [CP] Check Pods Manifest.lock */,
				6003F5AA195388D20070C39A /* Sources */,
				6003F5AB195388D20070C39A /* Frameworks */,
				6003F5AC195388D20070C39A /* Resources */,
			);
			buildRules = (
			);
			dependencies = (
				6003F5B4195388D20070C39A /* PBXTargetDependency */,
			);
			name = Whiteboard_Tests;
			productName = WhiteboardTests;
			productReference = 6003F5AE195388D20070C39A /* Whiteboard_Tests.xctest */;
			productType = "com.apple.product-type.bundle.unit-test";
		};
/* End PBXNativeTarget section */

/* Begin PBXProject section */
		6003F582195388D10070C39A /* Project object */ = {
			isa = PBXProject;
			attributes = {
				CLASSPREFIX = NET;
				LastUpgradeCheck = 0720;
				ORGANIZATIONNAME = leavesster;
				TargetAttributes = {
					6003F589195388D20070C39A = {
						DevelopmentTeam = L922897LKX;
						LastSwiftMigration = 1330;
					};
					6003F5AD195388D20070C39A = {
						LastSwiftMigration = 1320;
						TestTargetID = 6003F589195388D20070C39A;
					};
				};
			};
			buildConfigurationList = 6003F585195388D10070C39A /* Build configuration list for PBXProject "Whiteboard" */;
			compatibilityVersion = "Xcode 3.2";
			developmentRegion = English;
			hasScannedForEncodings = 0;
			knownRegions = (
				English,
				en,
				Base,
			);
			mainGroup = 6003F581195388D10070C39A;
			productRefGroup = 6003F58B195388D20070C39A /* Products */;
			projectDirPath = "";
			projectRoot = "";
			targets = (
				6003F589195388D20070C39A /* Whiteboard_Example */,
				6003F5AD195388D20070C39A /* Whiteboard_Tests */,
			);
		};
/* End PBXProject section */

/* Begin PBXResourcesBuildPhase section */
		6003F588195388D20070C39A /* Resources */ = {
			isa = PBXResourcesBuildPhase;
			buildActionMask = 2147483647;
			files = (
				873B8AEB1B1F5CCA007FD442 /* Main.storyboard in Resources */,
				8A0A85D727EAF82F005CFC84 /* monaco.iife.js in Resources */,
				8A17AE7E27E9B83800EB8897 /* embedPage.iife.js in Resources */,
				39DFDFB826B23B3500A4DFE8 /* Localizable.strings in Resources */,
				398B6E9C23A7AA8A00950A57 /* CHANGELOG.md in Resources */,
				71719F9F1E33DC2100824A3D /* LaunchScreen.storyboard in Resources */,
				8A86A4E82806A0070095F499 /* ControlCell.xib in Resources */,
				6003F5A9195388D20070C39A /* Images.xcassets in Resources */,
				6003F598195388D20070C39A /* InfoPlist.strings in Resources */,
			);
			runOnlyForDeploymentPostprocessing = 0;
		};
		6003F5AC195388D20070C39A /* Resources */ = {
			isa = PBXResourcesBuildPhase;
			buildActionMask = 2147483647;
			files = (
				6003F5BA195388D20070C39A /* InfoPlist.strings in Resources */,
				8A18D2A827F1554A00EC29B1 /* embedPage.iife.js in Resources */,
				8A18D2A727F1554800EC29B1 /* monaco.iife.js in Resources */,
			);
			runOnlyForDeploymentPostprocessing = 0;
		};
/* End PBXResourcesBuildPhase section */

/* Begin PBXShellScriptBuildPhase section */
		028AE4694DCA4E845AF51C55 /* [CP] Copy Pods Resources */ = {
			isa = PBXShellScriptBuildPhase;
			buildActionMask = 2147483647;
			files = (
			);
			inputPaths = (
				"${PODS_ROOT}/Target Support Files/Pods-Whiteboard_Example/Pods-Whiteboard_Example-resources.sh",
				"${PODS_CONFIGURATION_BUILD_DIR}/Whiteboard/Whiteboard.bundle",
			);
			name = "[CP] Copy Pods Resources";
			outputPaths = (
				"${TARGET_BUILD_DIR}/${UNLOCALIZED_RESOURCES_FOLDER_PATH}/Whiteboard.bundle",
			);
			runOnlyForDeploymentPostprocessing = 0;
			shellPath = /bin/sh;
			shellScript = "\"${PODS_ROOT}/Target Support Files/Pods-Whiteboard_Example/Pods-Whiteboard_Example-resources.sh\"\n";
			showEnvVarsInLog = 0;
		};
		1D7828B1A8443D9B3EA5DC28 /* [CP] Check Pods Manifest.lock */ = {
			isa = PBXShellScriptBuildPhase;
			buildActionMask = 2147483647;
			files = (
			);
			inputFileListPaths = (
			);
			inputPaths = (
				"${PODS_PODFILE_DIR_PATH}/Podfile.lock",
				"${PODS_ROOT}/Manifest.lock",
			);
			name = "[CP] Check Pods Manifest.lock";
			outputFileListPaths = (
			);
			outputPaths = (
				"$(DERIVED_FILE_DIR)/Pods-Whiteboard_Tests-checkManifestLockResult.txt",
			);
			runOnlyForDeploymentPostprocessing = 0;
			shellPath = /bin/sh;
			shellScript = "diff \"${PODS_PODFILE_DIR_PATH}/Podfile.lock\" \"${PODS_ROOT}/Manifest.lock\" > /dev/null\nif [ $? != 0 ] ; then\n    # print error to STDERR\n    echo \"error: The sandbox is not in sync with the Podfile.lock. Run 'pod install' or update your CocoaPods installation.\" >&2\n    exit 1\nfi\n# This output is used by Xcode 'outputs' to avoid re-running this script phase.\necho \"SUCCESS\" > \"${SCRIPT_OUTPUT_FILE_0}\"\n";
			showEnvVarsInLog = 0;
		};
		6961D961CB4C3851A2CEE5A4 /* [CP] Check Pods Manifest.lock */ = {
			isa = PBXShellScriptBuildPhase;
			buildActionMask = 2147483647;
			files = (
			);
			inputFileListPaths = (
			);
			inputPaths = (
				"${PODS_PODFILE_DIR_PATH}/Podfile.lock",
				"${PODS_ROOT}/Manifest.lock",
			);
			name = "[CP] Check Pods Manifest.lock";
			outputFileListPaths = (
			);
			outputPaths = (
				"$(DERIVED_FILE_DIR)/Pods-Whiteboard_Example-checkManifestLockResult.txt",
			);
			runOnlyForDeploymentPostprocessing = 0;
			shellPath = /bin/sh;
			shellScript = "diff \"${PODS_PODFILE_DIR_PATH}/Podfile.lock\" \"${PODS_ROOT}/Manifest.lock\" > /dev/null\nif [ $? != 0 ] ; then\n    # print error to STDERR\n    echo \"error: The sandbox is not in sync with the Podfile.lock. Run 'pod install' or update your CocoaPods installation.\" >&2\n    exit 1\nfi\n# This output is used by Xcode 'outputs' to avoid re-running this script phase.\necho \"SUCCESS\" > \"${SCRIPT_OUTPUT_FILE_0}\"\n";
			showEnvVarsInLog = 0;
		};
		808AF72B7CC2538283A46D02 /* [CP] Embed Pods Frameworks */ = {
			isa = PBXShellScriptBuildPhase;
			buildActionMask = 2147483647;
			files = (
			);
			inputPaths = (
				"${PODS_ROOT}/Target Support Files/Pods-Whiteboard_Example/Pods-Whiteboard_Example-frameworks.sh",
				"${PODS_ROOT}/AgoraFPA_iOS/AgoraFPA.framework",
				"${PODS_ROOT}/AgoraFPA_iOS/AgoraFpaProxyService.framework",
			);
			name = "[CP] Embed Pods Frameworks";
			outputPaths = (
				"${TARGET_BUILD_DIR}/${FRAMEWORKS_FOLDER_PATH}/AgoraFPA.framework",
				"${TARGET_BUILD_DIR}/${FRAMEWORKS_FOLDER_PATH}/AgoraFpaProxyService.framework",
			);
			runOnlyForDeploymentPostprocessing = 0;
			shellPath = /bin/sh;
			shellScript = "\"${PODS_ROOT}/Target Support Files/Pods-Whiteboard_Example/Pods-Whiteboard_Example-frameworks.sh\"\n";
			showEnvVarsInLog = 0;
		};
/* End PBXShellScriptBuildPhase section */

/* Begin PBXSourcesBuildPhase section */
		6003F586195388D20070C39A /* Sources */ = {
			isa = PBXSourcesBuildPhase;
			buildActionMask = 2147483647;
			files = (
				8A17AE7C27E9B4E300EB8897 /* WhiteCustomAppViewController.m in Sources */,
				39E4205323A37DCF002B9B38 /* PlayerCommandListController.m in Sources */,
				39E4205423A37DCF002B9B38 /* WhiteRoomViewController.m in Sources */,
				39E4205523A37DCF002B9B38 /* WhiteUtils.m in Sources */,
				6003F59E195388D20070C39A /* NETAppDelegate.m in Sources */,
				8A86A4EA2806A0070095F499 /* ControlCell.swift in Sources */,
				39E4205223A37DCF002B9B38 /* WhitePlayerViewController.m in Sources */,
				8A86A4ED2806A5FE0095F499 /* CommandHandler.m in Sources */,
				8A86A4E92806A0070095F499 /* ExampleControlView.swift in Sources */,
				39E4205123A37DCF002B9B38 /* StartViewController.m in Sources */,
				39A82CE8242700BB00FC1FD6 /* WhitePureReplayViewController.m in Sources */,
				6003F59A195388D20070C39A /* main.m in Sources */,
				39E4205023A37DCF002B9B38 /* WhiteBaseViewController.m in Sources */,
			);
			runOnlyForDeploymentPostprocessing = 0;
		};
		6003F5AA195388D20070C39A /* Sources */ = {
			isa = PBXSourcesBuildPhase;
			buildActionMask = 2147483647;
			files = (
				8AF1F04428153AFB00AA7535 /* SDKTest.m in Sources */,
				39E4206023A3B861002B9B38 /* WhiteObjectTests.m in Sources */,
				8A18D2A627F154DB00EC29B1 /* CustomAppTest.m in Sources */,
				8A48FAE327E33A9E00D6F98B /* WritableDetectTest.m in Sources */,
				8A05A21E27D5FE1B00B3F329 /* WhiteTestSocket.m in Sources */,
				8AB02BCF27C5CE7E00792EF6 /* ConverterV5Test.m in Sources */,
				39E4205C23A3B790002B9B38 /* PlayerTests.m in Sources */,
				8AC2F0E327F43F0900A980D9 /* BaseRoomTest.m in Sources */,
				8A2212A727F4509900AA372D /* FpaTest.m in Sources */,
				8A3CC734282621C3002DCE39 /* CombinePlayerOnlyWhiteTest.m in Sources */,
				39E4205E23A3B81C002B9B38 /* RoomTests.m in Sources */,
				8A3CC7312824FADA002DCE39 /* CombinePlayerOnlyVideoTest.m in Sources */,
				39E4205A23A3B74F002B9B38 /* DisplayerTests.m in Sources */,
				8A10E27E27F42F6E0098C49F /* TestUtility.m in Sources */,
				8A18D2A427EDA89500EC29B1 /* MultiViewsRoomTest.m in Sources */,
			);
			runOnlyForDeploymentPostprocessing = 0;
		};
/* End PBXSourcesBuildPhase section */

/* Begin PBXTargetDependency section */
		6003F5B4195388D20070C39A /* PBXTargetDependency */ = {
			isa = PBXTargetDependency;
			target = 6003F589195388D20070C39A /* Whiteboard_Example */;
			targetProxy = 6003F5B3195388D20070C39A /* PBXContainerItemProxy */;
		};
/* End PBXTargetDependency section */

/* Begin PBXVariantGroup section */
		39DFDFBA26B23B3500A4DFE8 /* Localizable.strings */ = {
			isa = PBXVariantGroup;
			children = (
				39DFDFB926B23B3500A4DFE8 /* en */,
			);
			name = Localizable.strings;
			sourceTree = "<group>";
		};
		6003F596195388D20070C39A /* InfoPlist.strings */ = {
			isa = PBXVariantGroup;
			children = (
				6003F597195388D20070C39A /* en */,
			);
			name = InfoPlist.strings;
			sourceTree = "<group>";
		};
		6003F5B8195388D20070C39A /* InfoPlist.strings */ = {
			isa = PBXVariantGroup;
			children = (
				6003F5B9195388D20070C39A /* en */,
			);
			name = InfoPlist.strings;
			sourceTree = "<group>";
		};
		71719F9D1E33DC2100824A3D /* LaunchScreen.storyboard */ = {
			isa = PBXVariantGroup;
			children = (
				71719F9E1E33DC2100824A3D /* Base */,
			);
			name = LaunchScreen.storyboard;
			sourceTree = "<group>";
		};
/* End PBXVariantGroup section */

/* Begin XCBuildConfiguration section */
		6003F5BD195388D20070C39A /* Debug */ = {
			isa = XCBuildConfiguration;
			buildSettings = {
				ALWAYS_SEARCH_USER_PATHS = NO;
				CLANG_CXX_LANGUAGE_STANDARD = "gnu++0x";
				CLANG_CXX_LIBRARY = "libc++";
				CLANG_ENABLE_MODULES = YES;
				CLANG_ENABLE_OBJC_ARC = YES;
				CLANG_WARN_BOOL_CONVERSION = YES;
				CLANG_WARN_CONSTANT_CONVERSION = YES;
				CLANG_WARN_DIRECT_OBJC_ISA_USAGE = YES_ERROR;
				CLANG_WARN_EMPTY_BODY = YES;
				CLANG_WARN_ENUM_CONVERSION = YES;
				CLANG_WARN_INT_CONVERSION = YES;
				CLANG_WARN_OBJC_ROOT_CLASS = YES_ERROR;
				CLANG_WARN__DUPLICATE_METHOD_MATCH = YES;
				"CODE_SIGN_IDENTITY[sdk=iphoneos*]" = "iPhone Developer";
				COPY_PHASE_STRIP = NO;
				ENABLE_TESTABILITY = YES;
				GCC_C_LANGUAGE_STANDARD = gnu99;
				GCC_DYNAMIC_NO_PIC = NO;
				GCC_OPTIMIZATION_LEVEL = 0;
				GCC_PREPROCESSOR_DEFINITIONS = (
					"DEBUG=1",
					"$(inherited)",
				);
				GCC_SYMBOLS_PRIVATE_EXTERN = NO;
				GCC_WARN_64_TO_32_BIT_CONVERSION = YES;
				GCC_WARN_ABOUT_RETURN_TYPE = YES_ERROR;
				GCC_WARN_UNDECLARED_SELECTOR = YES;
				GCC_WARN_UNINITIALIZED_AUTOS = YES_AGGRESSIVE;
				GCC_WARN_UNUSED_FUNCTION = YES;
				GCC_WARN_UNUSED_VARIABLE = YES;
				IPHONEOS_DEPLOYMENT_TARGET = 11.0;
				ONLY_ACTIVE_ARCH = YES;
				SDKROOT = iphoneos;
				TARGETED_DEVICE_FAMILY = "1,2";
			};
			name = Debug;
		};
		6003F5BE195388D20070C39A /* Release */ = {
			isa = XCBuildConfiguration;
			buildSettings = {
				ALWAYS_SEARCH_USER_PATHS = NO;
				CLANG_CXX_LANGUAGE_STANDARD = "gnu++0x";
				CLANG_CXX_LIBRARY = "libc++";
				CLANG_ENABLE_MODULES = YES;
				CLANG_ENABLE_OBJC_ARC = YES;
				CLANG_WARN_BOOL_CONVERSION = YES;
				CLANG_WARN_CONSTANT_CONVERSION = YES;
				CLANG_WARN_DIRECT_OBJC_ISA_USAGE = YES_ERROR;
				CLANG_WARN_EMPTY_BODY = YES;
				CLANG_WARN_ENUM_CONVERSION = YES;
				CLANG_WARN_INT_CONVERSION = YES;
				CLANG_WARN_OBJC_ROOT_CLASS = YES_ERROR;
				CLANG_WARN__DUPLICATE_METHOD_MATCH = YES;
				"CODE_SIGN_IDENTITY[sdk=iphoneos*]" = "iPhone Developer";
				COPY_PHASE_STRIP = YES;
				ENABLE_NS_ASSERTIONS = NO;
				GCC_C_LANGUAGE_STANDARD = gnu99;
				GCC_WARN_64_TO_32_BIT_CONVERSION = YES;
				GCC_WARN_ABOUT_RETURN_TYPE = YES_ERROR;
				GCC_WARN_UNDECLARED_SELECTOR = YES;
				GCC_WARN_UNINITIALIZED_AUTOS = YES_AGGRESSIVE;
				GCC_WARN_UNUSED_FUNCTION = YES;
				GCC_WARN_UNUSED_VARIABLE = YES;
				IPHONEOS_DEPLOYMENT_TARGET = 11.0;
				SDKROOT = iphoneos;
				TARGETED_DEVICE_FAMILY = "1,2";
				VALIDATE_PRODUCT = YES;
			};
			name = Release;
		};
		6003F5C0195388D20070C39A /* Debug */ = {
			isa = XCBuildConfiguration;
			baseConfigurationReference = 4AFA52A18BA89BE2555F51D1 /* Pods-Whiteboard_Example.debug.xcconfig */;
			buildSettings = {
				ASSETCATALOG_COMPILER_APPICON_NAME = AppIcon;
				CLANG_ENABLE_MODULES = YES;
				DEFINES_MODULE = YES;
				DEVELOPMENT_TEAM = L922897LKX;
				EXCLUDED_ARCHS = "$(inherited)";
				GCC_PRECOMPILE_PREFIX_HEADER = YES;
				GCC_PREFIX_HEADER = "Whiteboard/Whiteboard-Prefix.pch";
				INFOPLIST_FILE = "Whiteboard/Whiteboard-Info.plist";
				IPHONEOS_DEPLOYMENT_TARGET = 11.0;
				LD_RUNPATH_SEARCH_PATHS = "$(inherited) @executable_path/Frameworks";
				MODULE_NAME = ExampleApp;
				PRODUCT_BUNDLE_IDENTIFIER = "org.cocoapods.demo.${PRODUCT_NAME:rfc1034identifier}";
				PRODUCT_NAME = "$(TARGET_NAME)";
				SWIFT_OPTIMIZATION_LEVEL = "-Onone";
				SWIFT_VERSION = 4.0;
				WRAPPER_EXTENSION = app;
			};
			name = Debug;
		};
		6003F5C1195388D20070C39A /* Release */ = {
			isa = XCBuildConfiguration;
			baseConfigurationReference = 8470081D613A7C8DF8376FBA /* Pods-Whiteboard_Example.release.xcconfig */;
			buildSettings = {
				ASSETCATALOG_COMPILER_APPICON_NAME = AppIcon;
				CLANG_ENABLE_MODULES = YES;
				DEFINES_MODULE = YES;
				DEVELOPMENT_TEAM = L922897LKX;
				EXCLUDED_ARCHS = "$(inherited)";
				"EXCLUDED_ARCHS[sdk=iphonesimulator*]" = "";
				GCC_PRECOMPILE_PREFIX_HEADER = YES;
				GCC_PREFIX_HEADER = "Whiteboard/Whiteboard-Prefix.pch";
				INFOPLIST_FILE = "Whiteboard/Whiteboard-Info.plist";
				IPHONEOS_DEPLOYMENT_TARGET = 11.0;
				LD_RUNPATH_SEARCH_PATHS = "$(inherited) @executable_path/Frameworks";
				MODULE_NAME = ExampleApp;
				PRODUCT_BUNDLE_IDENTIFIER = "org.cocoapods.demo.${PRODUCT_NAME:rfc1034identifier}";
				PRODUCT_NAME = "$(TARGET_NAME)";
				SWIFT_VERSION = 4.0;
				WRAPPER_EXTENSION = app;
			};
			name = Release;
		};
		6003F5C3195388D20070C39A /* Debug */ = {
			isa = XCBuildConfiguration;
			baseConfigurationReference = 789AF49F9FB06918748A94DC /* Pods-Whiteboard_Tests.debug.xcconfig */;
			buildSettings = {
				ALWAYS_EMBED_SWIFT_STANDARD_LIBRARIES = YES;
				BUNDLE_LOADER = "$(TEST_HOST)";
				CLANG_ENABLE_MODULES = YES;
				FRAMEWORK_SEARCH_PATHS = (
					"$(PLATFORM_DIR)/Developer/Library/Frameworks",
					"$(inherited)",
					"$(DEVELOPER_FRAMEWORKS_DIR)",
				);
				GCC_PRECOMPILE_PREFIX_HEADER = YES;
				GCC_PREFIX_HEADER = "Tests/Tests-Prefix.pch";
				GCC_PREPROCESSOR_DEFINITIONS = (
					"DEBUG=1",
					"$(inherited)",
				);
				HEADER_SEARCH_PATHS = (
					"$(inherited)",
					"\"${PODS_ROOT}/Headers/Public\"",
					"\"${PODS_ROOT}/Headers/Public/Masonry\"",
					"\"${PODS_ROOT}/Headers/Public/NETURLSchemeHandler\"",
					"\"${PODS_ROOT}/Headers/Public/NTLBridge\"",
					"\"${PODS_ROOT}/Headers/Public/SSZipArchive\"",
					"\"${PODS_ROOT}/Headers/Public/Whiteboard\"",
					"\"${PODS_ROOT}/Headers/Public/YYModel\"",
					"\"$CONFIGURATION_TEMP_DIR/Whiteboard_Example.build/DerivedSources\"",
				);
				INFOPLIST_FILE = "Tests/Tests-Info.plist";
				LD_RUNPATH_SEARCH_PATHS = "$(inherited) @executable_path/Frameworks @loader_path/Frameworks";
				PRODUCT_BUNDLE_IDENTIFIER = "org.cocoapods.demo.${PRODUCT_NAME:rfc1034identifier}";
				PRODUCT_NAME = "$(TARGET_NAME)";
				SWIFT_OBJC_BRIDGING_HEADER = "Tests/Whiteboard_Tests-Bridging-Header.h";
				SWIFT_OPTIMIZATION_LEVEL = "-Onone";
				SWIFT_VERSION = 4.0;
				TEST_HOST = "$(BUILT_PRODUCTS_DIR)/Whiteboard_Example.app/Whiteboard_Example";
				WRAPPER_EXTENSION = xctest;
			};
			name = Debug;
		};
		6003F5C4195388D20070C39A /* Release */ = {
			isa = XCBuildConfiguration;
			baseConfigurationReference = 4CB02330C08AD98B832844A9 /* Pods-Whiteboard_Tests.release.xcconfig */;
			buildSettings = {
				ALWAYS_EMBED_SWIFT_STANDARD_LIBRARIES = YES;
				BUNDLE_LOADER = "$(TEST_HOST)";
				CLANG_ENABLE_MODULES = YES;
				FRAMEWORK_SEARCH_PATHS = (
					"$(PLATFORM_DIR)/Developer/Library/Frameworks",
					"$(inherited)",
					"$(DEVELOPER_FRAMEWORKS_DIR)",
				);
				GCC_PRECOMPILE_PREFIX_HEADER = YES;
				GCC_PREFIX_HEADER = "Tests/Tests-Prefix.pch";
				HEADER_SEARCH_PATHS = (
					"$(inherited)",
					"\"${PODS_ROOT}/Headers/Public\"",
					"\"${PODS_ROOT}/Headers/Public/Masonry\"",
					"\"${PODS_ROOT}/Headers/Public/NETURLSchemeHandler\"",
					"\"${PODS_ROOT}/Headers/Public/NTLBridge\"",
					"\"${PODS_ROOT}/Headers/Public/SSZipArchive\"",
					"\"${PODS_ROOT}/Headers/Public/Whiteboard\"",
					"\"${PODS_ROOT}/Headers/Public/YYModel\"",
					"\"$CONFIGURATION_TEMP_DIR/Whiteboard_Example.build/DerivedSources\"",
				);
				INFOPLIST_FILE = "Tests/Tests-Info.plist";
				LD_RUNPATH_SEARCH_PATHS = "$(inherited) @executable_path/Frameworks @loader_path/Frameworks";
				PRODUCT_BUNDLE_IDENTIFIER = "org.cocoapods.demo.${PRODUCT_NAME:rfc1034identifier}";
				PRODUCT_NAME = "$(TARGET_NAME)";
				SWIFT_OBJC_BRIDGING_HEADER = "Tests/Whiteboard_Tests-Bridging-Header.h";
				SWIFT_VERSION = 4.0;
				TEST_HOST = "$(BUILT_PRODUCTS_DIR)/Whiteboard_Example.app/Whiteboard_Example";
				WRAPPER_EXTENSION = xctest;
			};
			name = Release;
		};
/* End XCBuildConfiguration section */

/* Begin XCConfigurationList section */
		6003F585195388D10070C39A /* Build configuration list for PBXProject "Whiteboard" */ = {
			isa = XCConfigurationList;
			buildConfigurations = (
				6003F5BD195388D20070C39A /* Debug */,
				6003F5BE195388D20070C39A /* Release */,
			);
			defaultConfigurationIsVisible = 0;
			defaultConfigurationName = Release;
		};
		6003F5BF195388D20070C39A /* Build configuration list for PBXNativeTarget "Whiteboard_Example" */ = {
			isa = XCConfigurationList;
			buildConfigurations = (
				6003F5C0195388D20070C39A /* Debug */,
				6003F5C1195388D20070C39A /* Release */,
			);
			defaultConfigurationIsVisible = 0;
			defaultConfigurationName = Release;
		};
		6003F5C2195388D20070C39A /* Build configuration list for PBXNativeTarget "Whiteboard_Tests" */ = {
			isa = XCConfigurationList;
			buildConfigurations = (
				6003F5C3195388D20070C39A /* Debug */,
				6003F5C4195388D20070C39A /* Release */,
			);
			defaultConfigurationIsVisible = 0;
			defaultConfigurationName = Release;
		};
/* End XCConfigurationList section */
	};
	rootObject = 6003F582195388D10070C39A /* Project object */;
}
