{
  "pins" : [
    {
      "identity" : "dsbridge-ios",
      "kind" : "remoteSourceControl",
      "location" : "https://github.com/netless-io/DSBridge-IOS.git",
      "state" : {
        "revision" : "4c780b208af869a577977c24f5bbb453c716f3ce",
        "version" : "4.0.2"
      }
    },
    {
      "identity" : "white_yymodel",
      "kind" : "remoteSourceControl",
      "location" : "https://github.com/netless-io/White_YYModel.git",
      "state" : {
        "revision" : "c7b8527150ecce0a1758f0f84c73fab13dc73fcd",
        "version" : "1.0.7"
      }
    }
  ],
  "version" : 2
}
