{
  "pins" : [
    {
      "identity" : "dsbridge-ios",
      "kind" : "remoteSourceControl",
      "location" : "https://github.com/netless-io/DSBridge-IOS.git",
      "state" : {
        "revision" : "44cff2254caf6cbd925c2b57e6f45faa86ac30cd",
        "version" : "3.1.1"
      }
    },
    {
      "identity" : "white_yymodel",
      "kind" : "remoteSourceControl",
      "location" : "https://github.com/netless-io/White_YYModel.git",
      "state" : {
        "revision" : "35a418aefda55bd9bfbdbae94517dc81b82089ed",
        "version" : "1.0.6"
      }
    }
  ],
  "version" : 2
}
