PODS:
  - AgoraRtcEngine_iOS (3.0.1.1)
  - dsBridge (3.0.6)
  - Whiteboard (2.9.14):
    - Whiteboard/Base (= 2.9.14)
    - Whiteboard/Converter (= 2.9.14)
    - Whiteboard/NativeReplayer (= 2.9.14)
    - Whiteboard/Object (= 2.9.14)
    - Whiteboard/Replayer (= 2.9.14)
    - Whiteboard/Room (= 2.9.14)
  - Whiteboard/Base (2.9.14):
    - dsBridge (~> 3.0.2)
    - Whiteboard/Object
  - Whiteboard/Converter (2.9.14):
    - Whiteboard/Object
  - Whiteboard/NativeReplayer (2.9.14):
    - Whiteboard/Replayer
  - Whiteboard/Object (2.9.14):
    - YYModel (~> 1.0.4)
  - Whiteboard/Replayer (2.9.14):
    - Whiteboard/Base
  - Whiteboard/Room (2.9.14):
    - Whiteboard/Base
  - YYModel (1.0.4)

DEPENDENCIES:
  - AgoraRtcEngine_iOS
  - Whiteboard (from `../`)

SPEC REPOS:
  trunk:
    - AgoraRtcEngine_iOS
    - dsBridge
    - YYModel

EXTERNAL SOURCES:
  Whiteboard:
    :path: "../"

SPEC CHECKSUMS:
  AgoraRtcEngine_iOS: 8ccceaaecff2e80ab28fcd33f3dfd2b417eb5365
  dsBridge: 48b62ee8a411ad601a88d6f6c8cf6cb634b206b7
  Whiteboard: edbe3ed753dc9a457a38718834d7bf16fdfd3980
  YYModel: 2a7fdd96aaa4b86a824e26d0c517de8928c04b30

PODFILE CHECKSUM: c0c77fa63f7c74e86993af49e2c0d3c3b42515ef

COCOAPODS: 1.9.3
