PODS:
  - AgoraRtcEngine_iOS (3.0.1.1)
  - NTLBridge (3.1.4)
  - Whiteboard (2.16.34):
    - Whiteboard/Whiteboard-YYModel (= 2.16.34)
  - Whiteboard/Base (2.16.34):
    - NTLBridge (~> 3.1.4)
    - Whiteboard/Object
  - Whiteboard/Converter (2.16.34):
    - Whiteboard/Object
  - Whiteboard/Model (2.16.34):
    - YYModel
  - Whiteboard/NativeReplayer (2.16.34):
    - Whiteboard/Replayer
  - Whiteboard/Object (2.16.34):
    - Whiteboard/Model
  - Whiteboard/Replayer (2.16.34):
    - Whiteboard/Base
  - Whiteboard/Resource (2.16.34)
  - Whiteboard/Room (2.16.34):
    - Whiteboard/Base
  - Whiteboard/Whiteboard-YYModel (2.16.34):
    - Whiteboard/Converter
    - Whiteboard/NativeReplayer
    - Whiteboard/Resource
    - Whiteboard/Room
  - YYModel (1.0.4)

DEPENDENCIES:
  - AgoraRtcEngine_iOS
  - Whiteboard (from `../`)

SPEC REPOS:
  trunk:
    - AgoraRtcEngine_iOS
    - NTLBridge
    - YYModel

EXTERNAL SOURCES:
  Whiteboard:
    :path: "../"

SPEC CHECKSUMS:
  AgoraRtcEngine_iOS: 8ccceaaecff2e80ab28fcd33f3dfd2b417eb5365
  NTLBridge: 49780dc966976d3221a0eb03c7368617c1987cb6
  Whiteboard: 2eba76f6853ff0fe7db2218fa650e54224cb2688
  YYModel: 2a7fdd96aaa4b86a824e26d0c517de8928c04b30

PODFILE CHECKSUM: c0c77fa63f7c74e86993af49e2c0d3c3b42515ef

COCOAPODS: 1.11.3
