{
  "pins" : [
    {
      "identity" : "dsbridge-ios",
      "kind" : "remoteSourceControl",
      "location" : "https://github.com/netless-io/DSBridge-IOS.git",
      "state" : {
        "revision" : "4c780b208af869a577977c24f5bbb453c716f3ce",
        "version" : "4.0.2"
      }
    },
    {
      "identity" : "masonry",
      "kind" : "remoteSourceControl",
      "location" : "https://github.com/vince-hz/Masonry",
      "state" : {
        "branch" : "master",
        "revision" : "b7f6232a5b5d2cf99c765ebca9ff131837384d7b"
      }
    },
    {
      "identity" : "neturlschemehandler",
      "kind" : "remoteSourceControl",
      "location" : "https://github.com/vince-hz/NETURLSchemeHandler",
      "state" : {
        "branch" : "master",
        "revision" : "e783bb674025d5e5db6ca6b6ceb2c286155c3b0b"
      }
    },
    {
      "identity" : "white_yymodel",
      "kind" : "remoteSourceControl",
      "location" : "https://github.com/netless-io/White_YYModel.git",
      "state" : {
        "revision" : "c7b8527150ecce0a1758f0f84c73fab13dc73fcd",
        "version" : "1.0.7"
      }
    },
    {
      "identity" : "ziparchive",
      "kind" : "remoteSourceControl",
      "location" : "https://github.com/ZipArchive/ZipArchive.git",
      "state" : {
        "branch" : "master",
        "revision" : "acc61be58181e635ae77718e66530b4ee7dea4be"
      }
    }
  ],
  "version" : 2
}
